// !$*UTF8*$!
{
	archiveVersion = 1;
	classes = {
	};
	objectVersion = 48;
	objects = {

/* Begin PBXBuildFile section */
		F08C0D701F5CF3BD00592A82 /* AppDelegate.m in Sources */ = {isa = PBXBuildFile; fileRef = F08C0D6F1F5CF3BD00592A82 /* AppDelegate.m */; };
		F08C0D731F5CF3BD00592A82 /* ViewController.m in Sources */ = {isa = PBXBuildFile; fileRef = F08C0D721F5CF3BD00592A82 /* ViewController.m */; };
		F08C0D761F5CF3BD00592A82 /* Main.storyboard in Resources */ = {isa = PBXBuildFile; fileRef = F08C0D741F5CF3BD00592A82 /* Main.storyboard */; };
		F08C0D781F5CF3BD00592A82 /* Assets.xcassets in Resources */ = {isa = PBXBuildFile; fileRef = F08C0D771F5CF3BD00592A82 /* Assets.xcassets */; };
		F08C0D7B1F5CF3BD00592A82 /* LaunchScreen.storyboard in Resources */ = {isa = PBXBuildFile; fileRef = F08C0D791F5CF3BD00592A82 /* LaunchScreen.storyboard */; };
		F08C0D7E1F5CF3BD00592A82 /* main.m in Sources */ = {isa = PBXBuildFile; fileRef = F08C0D7D1F5CF3BD00592A82 /* main.m */; };
/* End PBXBuildFile section */

/* Begin PBXFileReference section */
		F08C0D6B1F5CF3BD00592A82 /* FrameAndBounds.app */ = {isa = PBXFileReference; explicitFileType = wrapper.application; includeInIndex = 0; path = FrameAndBounds.app; sourceTree = BUILT_PRODUCTS_DIR; };
		F08C0D6E1F5CF3BD00592A82 /* AppDelegate.h */ = {isa = PBXFileReference; lastKnownFileType = sourcecode.c.h; path = AppDelegate.h; sourceTree = "<group>"; };
		F08C0D6F1F5CF3BD00592A82 /* AppDelegate.m */ = {isa = PBXFileReference; lastKnownFileType = sourcecode.c.objc; path = AppDelegate.m; sourceTree = "<group>"; };
		F08C0D711F5CF3BD00592A82 /* ViewController.h */ = {isa = PBXFileReference; lastKnownFileType = sourcecode.c.h; path = ViewController.h; sourceTree = "<group>"; };
		F08C0D721F5CF3BD00592A82 /* ViewController.m */ = {isa = PBXFileReference; lastKnownFileType = sourcecode.c.objc; path = ViewController.m; sourceTree = "<group>"; };
		F08C0D751F5CF3BD00592A82 /* Base */ = {isa = PBXFileReference; lastKnownFileType = file.storyboard; name = Base; path = Base.lproj/Main.storyboard; sourceTree = "<group>"; };
		F08C0D771F5CF3BD00592A82 /* Assets.xcassets */ = {isa = PBXFileReference; lastKnownFileType = folder.assetcatalog; path = Assets.xcassets; sourceTree = "<group>"; };
		F08C0D7A1F5CF3BD00592A82 /* Base */ = {isa = PBXFileReference; lastKnownFileType = file.storyboard; name = Base; path = Base.lproj/LaunchScreen.storyboard; sourceTree = "<group>"; };
		F08C0D7C1F5CF3BD00592A82 /* Info.plist */ = {isa = PBXFileReference; lastKnownFileType = text.plist.xml; path = Info.plist; sourceTree = "<group>"; };
		F08C0D7D1F5CF3BD00592A82 /* main.m */ = {isa = PBXFileReference; lastKnownFileType = sourcecode.c.objc; path = main.m; sourceTree = "<group>"; };
/* End PBXFileReference section */

/* Begin PBXFrameworksBuildPhase section */
		F08C0D681F5CF3BD00592A82 /* Frameworks */ = {
			isa = PBXFrameworksBuildPhase;
			buildActionMask = 2147483647;
			files = (
			);
			runOnlyForDeploymentPostprocessing = 0;
		};
/* End PBXFrameworksBuildPhase section */

/* Begin PBXGroup section */
		F08C0D621F5CF3BD00592A82 = {
			isa = PBXGroup;
			children = (
				F08C0D6D1F5CF3BD00592A82 /* FrameAndBounds */,
				F08C0D6C1F5CF3BD00592A82 /* Products */,
			);
			sourceTree = "<group>";
		};
		F08C0D6C1F5CF3BD00592A82 /* Products */ = {
			isa = PBXGroup;
			children = (
				F08C0D6B1F5CF3BD00592A82 /* FrameAndBounds.app */,
			);
			name = Products;
			sourceTree = "<group>";
		};
		F08C0D6D1F5CF3BD00592A82 /* FrameAndBounds */ = {
			isa = PBXGroup;
			children = (
				F08C0D6E1F5CF3BD00592A82 /* AppDelegate.h */,
				F08C0D6F1F5CF3BD00592A82 /* AppDelegate.m */,
				F08C0D711F5CF3BD00592A82 /* ViewController.h */,
				F08C0D721F5CF3BD00592A82 /* ViewController.m */,
				F08C0D741F5CF3BD00592A82 /* Main.storyboard */,
				F08C0D771F5CF3BD00592A82 /* Assets.xcassets */,
				F08C0D791F5CF3BD00592A82 /* LaunchScreen.storyboard */,
				F08C0D7C1F5CF3BD00592A82 /* Info.plist */,
				F08C0D7D1F5CF3BD00592A82 /* main.m */,
			);
			path = FrameAndBounds;
			sourceTree = "<group>";
		};
/* End PBXGroup section */

/* Begin PBXNativeTarget section */
		F08C0D6A1F5CF3BD00592A82 /* FrameAndBounds */ = {
			isa = PBXNativeTarget;
			buildConfigurationList = F08C0D811F5CF3BD00592A82 /* Build configuration list for PBXNativeTarget "FrameAndBounds" */;
			buildPhases = (
				F08C0D671F5CF3BD00592A82 /* Sources */,
				F08C0D681F5CF3BD00592A82 /* Frameworks */,
				F08C0D691F5CF3BD00592A82 /* Resources */,
			);
			buildRules = (
			);
			dependencies = (
			);
			name = FrameAndBounds;
			productName = FrameAndBounds;
			productReference = F08C0D6B1F5CF3BD00592A82 /* FrameAndBounds.app */;
			productType = "com.apple.product-type.application";
		};
/* End PBXNativeTarget section */

/* Begin PBXProject section */
		F08C0D631F5CF3BD00592A82 /* Project object */ = {
			isa = PBXProject;
			attributes = {
				LastUpgradeCheck = 0900;
				ORGANIZATIONNAME = "蓝布鲁";
				TargetAttributes = {
					F08C0D6A1F5CF3BD00592A82 = {
						CreatedOnToolsVersion = 9.0;
						ProvisioningStyle = Automatic;
					};
				};
			};
			buildConfigurationList = F08C0D661F5CF3BD00592A82 /* Build configuration list for PBXProject "FrameAndBounds" */;
			compatibilityVersion = "Xcode 8.0";
			developmentRegion = en;
			hasScannedForEncodings = 0;
			knownRegions = (
				en,
				Base,
			);
			mainGroup = F08C0D621F5CF3BD00592A82;
			productRefGroup = F08C0D6C1F5CF3BD00592A82 /* Products */;
			projectDirPath = "";
			projectRoot = "";
			targets = (
				F08C0D6A1F5CF3BD00592A82 /* FrameAndBounds */,
			);
		};
/* End PBXProject section */

/* Begin PBXResourcesBuildPhase section */
		F08C0D691F5CF3BD00592A82 /* Resources */ = {
			isa = PBXResourcesBuildPhase;
			buildActionMask = 2147483647;
			files = (
				F08C0D7B1F5CF3BD00592A82 /* LaunchScreen.storyboard in Resources */,
				F08C0D781F5CF3BD00592A82 /* Assets.xcassets in Resources */,
				F08C0D761F5CF3BD00592A82 /* Main.storyboard in Resources */,
			);
			runOnlyForDeploymentPostprocessing = 0;
		};
/* End PBXResourcesBuildPhase section */

/* Begin PBXSourcesBuildPhase section */
		F08C0D671F5CF3BD00592A82 /* Sources */ = {
			isa = PBXSourcesBuildPhase;
			buildActionMask = 2147483647;
			files = (
				F08C0D731F5CF3BD00592A82 /* ViewController.m in Sources */,
				F08C0D7E1F5CF3BD00592A82 /* main.m in Sources */,
				F08C0D701F5CF3BD00592A82 /* AppDelegate.m in Sources */,
			);
			runOnlyForDeploymentPostprocessing = 0;
		};
/* End PBXSourcesBuildPhase section */

/* Begin PBXVariantGroup section */
		F08C0D741F5CF3BD00592A82 /* Main.storyboard */ = {
			isa = PBXVariantGroup;
			children = (
				F08C0D751F5CF3BD00592A82 /* Base */,
			);
			name = Main.storyboard;
			sourceTree = "<group>";
		};
		F08C0D791F5CF3BD00592A82 /* LaunchScreen.storyboard */ = {
			isa = PBXVariantGroup;
			children = (
				F08C0D7A1F5CF3BD00592A82 /* Base */,
			);
			name = LaunchScreen.storyboard;
			sourceTree = "<group>";
		};
/* End PBXVariantGroup section */

/* Begin XCBuildConfiguration section */
		F08C0D7F1F5CF3BD00592A82 /* Debug */ = {
			isa = XCBuildConfiguration;
			buildSettings = {
				ALWAYS_SEARCH_USER_PATHS = NO;
				CLANG_ANALYZER_NONNULL = YES;
				CLANG_ANALYZER_NUMBER_OBJECT_CONVERSION = YES_AGGRESSIVE;
				CLANG_CXX_LANGUAGE_STANDARD = "gnu++14";
				CLANG_CXX_LIBRARY = "libc++";
				CLANG_ENABLE_MODULES = YES;
				CLANG_ENABLE_OBJC_ARC = YES;
				CLANG_WARN_BLOCK_CAPTURE_AUTORELEASING = YES;
				CLANG_WARN_BOOL_CONVERSION = YES;
				CLANG_WARN_COMMA = YES;
				CLANG_WARN_CONSTANT_CONVERSION = YES;
				CLANG_WARN_DIRECT_OBJC_ISA_USAGE = YES_ERROR;
				CLANG_WARN_DOCUMENTATION_COMMENTS = YES;
				CLANG_WARN_EMPTY_BODY = YES;
				CLANG_WARN_ENUM_CONVERSION = YES;
				CLANG_WARN_INFINITE_RECURSION = YES;
				CLANG_WARN_INT_CONVERSION = YES;
				CLANG_WARN_NON_LITERAL_NULL_CONVERSION = YES;
				CLANG_WARN_OBJC_LITERAL_CONVERSION = YES;
				CLANG_WARN_OBJC_ROOT_CLASS = YES_ERROR;
				CLANG_WARN_RANGE_LOOP_ANALYSIS = YES;
				CLANG_WARN_STRICT_PROTOTYPES = YES;
				CLANG_WARN_SUSPICIOUS_MOVE = YES;
				CLANG_WARN_UNGUARDED_AVAILABILITY = YES_AGGRESSIVE;
				CLANG_WARN_UNREACHABLE_CODE = YES;
				CLANG_WARN__DUPLICATE_METHOD_MATCH = YES;
				CODE_SIGN_IDENTITY = "iPhone Developer";
				COPY_PHASE_STRIP = NO;
				DEBUG_INFORMATION_FORMAT = dwarf;
				ENABLE_STRICT_OBJC_MSGSEND = YES;
				ENABLE_TESTABILITY = YES;
				GCC_C_LANGUAGE_STANDARD = gnu11;
				GCC_DYNAMIC_NO_PIC = NO;
				GCC_NO_COMMON_BLOCKS = YES;
				GCC_OPTIMIZATION_LEVEL = 0;
				GCC_PREPROCESSOR_DEFINITIONS = (
					"DEBUG=1",
					"$(inherited)",
				);
				GCC_WARN_64_TO_32_BIT_CONVERSION = YES;
				GCC_WARN_ABOUT_RETURN_TYPE = YES_ERROR;
				GCC_WARN_UNDECLARED_SELECTOR = YES;
				GCC_WARN_UNINITIALIZED_AUTOS = YES_AGGRESSIVE;
				GCC_WARN_UNUSED_FUNCTION = YES;
				GCC_WARN_UNUSED_VARIABLE = YES;
				IPHONEOS_DEPLOYMENT_TARGET = 11.0;
				MTL_ENABLE_DEBUG_INFO = YES;
				ONLY_ACTIVE_ARCH = YES;
				SDKROOT = iphoneos;
			};
			name = Debug;
		};
		F08C0D801F5CF3BD00592A82 /* Release */ = {
			isa = XCBuildConfiguration;
			buildSettings = {
				ALWAYS_SEARCH_USER_PATHS = NO;
				CLANG_ANALYZER_NONNULL = YES;
				CLANG_ANALYZER_NUMBER_OBJECT_CONVERSION = YES_AGGRESSIVE;
				CLANG_CXX_LANGUAGE_STANDARD = "gnu++14";
				CLANG_CXX_LIBRARY = "libc++";
				CLANG_ENABLE_MODULES = YES;
				CLANG_ENABLE_OBJC_ARC = YES;
				CLANG_WARN_BLOCK_CAPTURE_AUTORELEASING = YES;
				CLANG_WARN_BOOL_CONVERSION = YES;
				CLANG_WARN_COMMA = YES;
				CLANG_WARN_CONSTANT_CONVERSION = YES;
				CLANG_WARN_DIRECT_OBJC_ISA_USAGE = YES_ERROR;
				CLANG_WARN_DOCUMENTATION_COMMENTS = YES;
				CLANG_WARN_EMPTY_BODY = YES;
				CLANG_WARN_ENUM_CONVERSION = YES;
				CLANG_WARN_INFINITE_RECURSION = YES;
				CLANG_WARN_INT_CONVERSION = YES;
				CLANG_WARN_NON_LITERAL_NULL_CONVERSION = YES;
				CLANG_WARN_OBJC_LITERAL_CONVERSION = YES;
				CLANG_WARN_OBJC_ROOT_CLASS = YES_ERROR;
				CLANG_WARN_RANGE_LOOP_ANALYSIS = YES;
				CLANG_WARN_STRICT_PROTOTYPES = YES;
				CLANG_WARN_SUSPICIOUS_MOVE = YES;
				CLANG_WARN_UNGUARDED_AVAILABILITY = YES_AGGRESSIVE;
				CLANG_WARN_UNREACHABLE_CODE = YES;
				CLANG_WARN__DUPLICATE_METHOD_MATCH = YES;
				CODE_SIGN_IDENTITY = "iPhone Developer";
				COPY_PHASE_STRIP = NO;
				DEBUG_INFORMATION_FORMAT = "dwarf-with-dsym";
				ENABLE_NS_ASSERTIONS = NO;
				ENABLE_STRICT_OBJC_MSGSEND = YES;
				GCC_C_LANGUAGE_STANDARD = gnu11;
				GCC_NO_COMMON_BLOCKS = YES;
				GCC_WARN_64_TO_32_BIT_CONVERSION = YES;
				GCC_WARN_ABOUT_RETURN_TYPE = YES_ERROR;
				GCC_WARN_UNDECLARED_SELECTOR = YES;
				GCC_WARN_UNINITIALIZED_AUTOS = YES_AGGRESSIVE;
				GCC_WARN_UNUSED_FUNCTION = YES;
				GCC_WARN_UNUSED_VARIABLE = YES;
				IPHONEOS_DEPLOYMENT_TARGET = 11.0;
				MTL_ENABLE_DEBUG_INFO = NO;
				SDKROOT = iphoneos;
				VALIDATE_PRODUCT = YES;
			};
			name = Release;
		};
		F08C0D821F5CF3BD00592A82 /* Debug */ = {
			isa = XCBuildConfiguration;
			buildSettings = {
				ASSETCATALOG_COMPILER_APPICON_NAME = AppIcon;
				CODE_SIGN_STYLE = Automatic;
				INFOPLIST_FILE = FrameAndBounds/Info.plist;
				LD_RUNPATH_SEARCH_PATHS = "$(inherited) @executable_path/Frameworks";
				PRODUCT_BUNDLE_IDENTIFIER = com.lanvsblue.FrameAndBounds;
				PRODUCT_NAME = "$(TARGET_NAME)";
				TARGETED_DEVICE_FAMILY = "1,2";
			};
			name = Debug;
		};
		F08C0D831F5CF3BD00592A82 /* Release */ = {
			isa = XCBuildConfiguration;
			buildSettings = {
				ASSETCATALOG_COMPILER_APPICON_NAME = AppIcon;
				CODE_SIGN_STYLE = Automatic;
				INFOPLIST_FILE = FrameAndBounds/Info.plist;
				LD_RUNPATH_SEARCH_PATHS = "$(inherited) @executable_path/Frameworks";
				PRODUCT_BUNDLE_IDENTIFIER = com.lanvsblue.FrameAndBounds;
				PRODUCT_NAME = "$(TARGET_NAME)";
				TARGETED_DEVICE_FAMILY = "1,2";
			};
			name = Release;
		};
/* End XCBuildConfiguration section */

/* Begin XCConfigurationList section */
		F08C0D661F5CF3BD00592A82 /* Build configuration list for PBXProject "FrameAndBounds" */ = {
			isa = XCConfigurationList;
			buildConfigurations = (
				F08C0D7F1F5CF3BD00592A82 /* Debug */,
				F08C0D801F5CF3BD00592A82 /* Release */,
			);
			defaultConfigurationIsVisible = 0;
			defaultConfigurationName = Release;
		};
		F08C0D811F5CF3BD00592A82 /* Build configuration list for PBXNativeTarget "FrameAndBounds" */ = {
			isa = XCConfigurationList;
			buildConfigurations = (
				F08C0D821F5CF3BD00592A82 /* Debug */,
				F08C0D831F5CF3BD00592A82 /* Release */,
			);
			defaultConfigurationIsVisible = 0;
			defaultConfigurationName = Release;
		};
/* End XCConfigurationList section */
	};
	rootObject = F08C0D631F5CF3BD00592A82 /* Project object */;
}
